
Microsoft Visual Studio Solution File, Format Version 12.00
# Visual Studio Version 17
VisualStudioVersion = 17.6.33815.320
MinimumVisualStudioVersion = 10.0.40219.1
Project("{9A19103F-16F7-4668-BE54-9A1E7A4F7556}") = "PharmacyApi", "PharmacyApi\PharmacyApi.csproj", "{97BD9821-7E2B-42A3-A915-259D4E7FC9BE}"
EndProject
Project("{54A90642-561A-4BB1-A94E-469ADEE60C69}") = "reactapp", "reactapp\reactapp.esproj", "{868C370C-46B3-42FE-BE70-23570E67BA08}"
EndProject
Project("{54A90642-561A-4BB1-A94E-469ADEE60C69}") = "webui", "WebUI\webui.esproj", "{6F248147-805B-4833-9636-06C386E3FD44}"
EndProject
Project("{FAE04EC0-301F-11D3-BF4B-00C04F79EFBC}") = "PharmacyApi.Tests", "PharmacyApi.Tests\PharmacyApi.Tests.csproj", "{B7132659-2F6C-4AA0-89E8-8A0476177D8E}"
EndProject
Global
	GlobalSection(SolutionConfigurationPlatforms) = preSolution
		Debug|Any CPU = Debug|Any CPU
		Release|Any CPU = Release|Any CPU
	EndGlobalSection
	GlobalSection(ProjectConfigurationPlatforms) = postSolution
		{97BD9821-7E2B-42A3-A915-259D4E7FC9BE}.Debug|Any CPU.ActiveCfg = Debug|Any CPU
		{97BD9821-7E2B-42A3-A915-259D4E7FC9BE}.Debug|Any CPU.Build.0 = Debug|Any CPU
		{97BD9821-7E2B-42A3-A915-259D4E7FC9BE}.Release|Any CPU.ActiveCfg = Release|Any CPU
		{97BD9821-7E2B-42A3-A915-259D4E7FC9BE}.Release|Any CPU.Build.0 = Release|Any CPU
		{868C370C-46B3-42FE-BE70-23570E67BA08}.Debug|Any CPU.ActiveCfg = Debug|Any CPU
		{868C370C-46B3-42FE-BE70-23570E67BA08}.Debug|Any CPU.Build.0 = Debug|Any CPU
		{868C370C-46B3-42FE-BE70-23570E67BA08}.Debug|Any CPU.Deploy.0 = Debug|Any CPU
		{868C370C-46B3-42FE-BE70-23570E67BA08}.Release|Any CPU.ActiveCfg = Release|Any CPU
		{868C370C-46B3-42FE-BE70-23570E67BA08}.Release|Any CPU.Build.0 = Release|Any CPU
		{868C370C-46B3-42FE-BE70-23570E67BA08}.Release|Any CPU.Deploy.0 = Release|Any CPU
		{6F248147-805B-4833-9636-06C386E3FD44}.Debug|Any CPU.ActiveCfg = Debug|Any CPU
		{6F248147-805B-4833-9636-06C386E3FD44}.Debug|Any CPU.Build.0 = Debug|Any CPU
		{6F248147-805B-4833-9636-06C386E3FD44}.Debug|Any CPU.Deploy.0 = Debug|Any CPU
		{6F248147-805B-4833-9636-06C386E3FD44}.Release|Any CPU.ActiveCfg = Release|Any CPU
		{6F248147-805B-4833-9636-06C386E3FD44}.Release|Any CPU.Build.0 = Release|Any CPU
		{6F248147-805B-4833-9636-06C386E3FD44}.Release|Any CPU.Deploy.0 = Release|Any CPU
		{B7132659-2F6C-4AA0-89E8-8A0476177D8E}.Debug|Any CPU.ActiveCfg = Debug|Any CPU
		{B7132659-2F6C-4AA0-89E8-8A0476177D8E}.Debug|Any CPU.Build.0 = Debug|Any CPU
		{B7132659-2F6C-4AA0-89E8-8A0476177D8E}.Release|Any CPU.ActiveCfg = Release|Any CPU
		{B7132659-2F6C-4AA0-89E8-8A0476177D8E}.Release|Any CPU.Build.0 = Release|Any CPU
	EndGlobalSection
	GlobalSection(SolutionProperties) = preSolution
		HideSolutionNode = FALSE
	EndGlobalSection
	GlobalSection(ExtensibilityGlobals) = postSolution
		SolutionGuid = {923B8852-886D-41B8-B0A1-974BF82817B7}
	EndGlobalSection
EndGlobal
