
Microsoft Visual Studio Solution File, Format Version 12.00
# Visual Studio Version 17
VisualStudioVersion = 17.6.33815.320
MinimumVisualStudioVersion = 10.0.40219.1
Project("{9A19103F-16F7-4668-BE54-9A1E7A4F7556}") = "MyPharmacy.Services", "MyPharmacy.Services\MyPharmacy.Services.csproj", "{3D7C08AD-2B07-4AB7-ADF9-37FFFAD212E8}"
EndProject
Project("{9A19103F-16F7-4668-BE54-9A1E7A4F7556}") = "MyPharmacy.Data", "MyPharmacy.Data\MyPharmacy.Data.csproj", "{BAA313F5-1ACD-45E6-B76E-E7CDFE4494E7}"
EndProject
Project("{9A19103F-16F7-4668-BE54-9A1E7A4F7556}") = "MyPharmacy.Core", "MyPharmacy.Core\MyPharmacy.Core.csproj", "{DB3E16A2-A996-49E3-9E83-5A63C2C273F1}"
EndProject
Project("{9A19103F-16F7-4668-BE54-9A1E7A4F7556}") = "MyPharmacy.Api", "MyPharmacy.Api\MyPharmacy.Api.csproj", "{7585A995-E213-4146-A826-A7E729C64900}"
EndProject
Project("{54A90642-561A-4BB1-A94E-469ADEE60C69}") = "MyPharmacy.WebUI", "MyPharmacy.WebUI\MyPharmacy.WebUI.esproj", "{F66C8E5D-0732-4FB9-8405-6D1181C680B6}"
EndProject
Project("{00D1A9C2-B5F0-4AF3-8072-F6C62B433612}") = "MyPharmacy.Database", "..\..\Users\Adam\source\repos\MyPharmacy.Database\MyPharmacy.Database.sqlproj", "{C746DA4B-1D0F-448B-B006-459A97DE4B25}"
EndProject
Project("{2150E333-8FDC-42A3-9474-1A3956D46DE8}") = "MyPharmacy.Domain", "MyPharmacy.Domain", "{F34591FE-083A-4542-89A0-E63598F7F529}"
EndProject
Project("{9A19103F-16F7-4668-BE54-9A1E7A4F7556}") = "OrderDomain", "OrderDomain\OrderDomain.csproj", "{4CDE51C1-BE28-4664-9AF6-A1F0E07F7142}"
EndProject
Project("{2150E333-8FDC-42A3-9474-1A3956D46DE8}") = "MyPharmacy.Tests", "MyPharmacy.Tests", "{E275A523-4B2E-442A-9A5E-B4BDD721DD74}"
EndProject
Project("{2150E333-8FDC-42A3-9474-1A3956D46DE8}") = "OrderDomain.Tests", "OrderDomain.Tests", "{561DCB10-4461-4967-B668-B824D8698C1E}"
EndProject
Project("{9A19103F-16F7-4668-BE54-9A1E7A4F7556}") = "Application.Tests", "Application.Tests\Application.Tests.csproj", "{B83509EE-2DFD-4B83-B5A1-36579F9E0CD7}"
EndProject
Project("{9A19103F-16F7-4668-BE54-9A1E7A4F7556}") = "Order.Tests", "Order.Tests\Order.Tests.csproj", "{9CAF1A66-D254-427A-853D-931E2DCD1782}"
EndProject
Project("{9A19103F-16F7-4668-BE54-9A1E7A4F7556}") = "SharedKernel", "SharedKernel\SharedKernel.csproj", "{95145D2C-7313-49DA-A503-DD4CF73DFB32}"
EndProject
Global
	GlobalSection(SolutionConfigurationPlatforms) = preSolution
		Debug|Any CPU = Debug|Any CPU
		Release|Any CPU = Release|Any CPU
	EndGlobalSection
	GlobalSection(ProjectConfigurationPlatforms) = postSolution
		{3D7C08AD-2B07-4AB7-ADF9-37FFFAD212E8}.Debug|Any CPU.ActiveCfg = Debug|Any CPU
		{3D7C08AD-2B07-4AB7-ADF9-37FFFAD212E8}.Debug|Any CPU.Build.0 = Debug|Any CPU
		{3D7C08AD-2B07-4AB7-ADF9-37FFFAD212E8}.Release|Any CPU.ActiveCfg = Release|Any CPU
		{3D7C08AD-2B07-4AB7-ADF9-37FFFAD212E8}.Release|Any CPU.Build.0 = Release|Any CPU
		{BAA313F5-1ACD-45E6-B76E-E7CDFE4494E7}.Debug|Any CPU.ActiveCfg = Debug|Any CPU
		{BAA313F5-1ACD-45E6-B76E-E7CDFE4494E7}.Debug|Any CPU.Build.0 = Debug|Any CPU
		{BAA313F5-1ACD-45E6-B76E-E7CDFE4494E7}.Release|Any CPU.ActiveCfg = Release|Any CPU
		{BAA313F5-1ACD-45E6-B76E-E7CDFE4494E7}.Release|Any CPU.Build.0 = Release|Any CPU
		{DB3E16A2-A996-49E3-9E83-5A63C2C273F1}.Debug|Any CPU.ActiveCfg = Debug|Any CPU
		{DB3E16A2-A996-49E3-9E83-5A63C2C273F1}.Debug|Any CPU.Build.0 = Debug|Any CPU
		{DB3E16A2-A996-49E3-9E83-5A63C2C273F1}.Release|Any CPU.ActiveCfg = Release|Any CPU
		{DB3E16A2-A996-49E3-9E83-5A63C2C273F1}.Release|Any CPU.Build.0 = Release|Any CPU
		{7585A995-E213-4146-A826-A7E729C64900}.Debug|Any CPU.ActiveCfg = Debug|Any CPU
		{7585A995-E213-4146-A826-A7E729C64900}.Debug|Any CPU.Build.0 = Debug|Any CPU
		{7585A995-E213-4146-A826-A7E729C64900}.Release|Any CPU.ActiveCfg = Release|Any CPU
		{7585A995-E213-4146-A826-A7E729C64900}.Release|Any CPU.Build.0 = Release|Any CPU
		{F66C8E5D-0732-4FB9-8405-6D1181C680B6}.Debug|Any CPU.ActiveCfg = Debug|Any CPU
		{F66C8E5D-0732-4FB9-8405-6D1181C680B6}.Debug|Any CPU.Build.0 = Debug|Any CPU
		{F66C8E5D-0732-4FB9-8405-6D1181C680B6}.Debug|Any CPU.Deploy.0 = Debug|Any CPU
		{F66C8E5D-0732-4FB9-8405-6D1181C680B6}.Release|Any CPU.ActiveCfg = Release|Any CPU
		{F66C8E5D-0732-4FB9-8405-6D1181C680B6}.Release|Any CPU.Build.0 = Release|Any CPU
		{F66C8E5D-0732-4FB9-8405-6D1181C680B6}.Release|Any CPU.Deploy.0 = Release|Any CPU
		{C746DA4B-1D0F-448B-B006-459A97DE4B25}.Debug|Any CPU.ActiveCfg = Debug|Any CPU
		{C746DA4B-1D0F-448B-B006-459A97DE4B25}.Debug|Any CPU.Build.0 = Debug|Any CPU
		{C746DA4B-1D0F-448B-B006-459A97DE4B25}.Debug|Any CPU.Deploy.0 = Debug|Any CPU
		{C746DA4B-1D0F-448B-B006-459A97DE4B25}.Release|Any CPU.ActiveCfg = Release|Any CPU
		{C746DA4B-1D0F-448B-B006-459A97DE4B25}.Release|Any CPU.Build.0 = Release|Any CPU
		{C746DA4B-1D0F-448B-B006-459A97DE4B25}.Release|Any CPU.Deploy.0 = Release|Any CPU
		{4CDE51C1-BE28-4664-9AF6-A1F0E07F7142}.Debug|Any CPU.ActiveCfg = Debug|Any CPU
		{4CDE51C1-BE28-4664-9AF6-A1F0E07F7142}.Debug|Any CPU.Build.0 = Debug|Any CPU
		{4CDE51C1-BE28-4664-9AF6-A1F0E07F7142}.Release|Any CPU.ActiveCfg = Release|Any CPU
		{4CDE51C1-BE28-4664-9AF6-A1F0E07F7142}.Release|Any CPU.Build.0 = Release|Any CPU
		{B83509EE-2DFD-4B83-B5A1-36579F9E0CD7}.Debug|Any CPU.ActiveCfg = Debug|Any CPU
		{B83509EE-2DFD-4B83-B5A1-36579F9E0CD7}.Debug|Any CPU.Build.0 = Debug|Any CPU
		{B83509EE-2DFD-4B83-B5A1-36579F9E0CD7}.Release|Any CPU.ActiveCfg = Release|Any CPU
		{B83509EE-2DFD-4B83-B5A1-36579F9E0CD7}.Release|Any CPU.Build.0 = Release|Any CPU
		{9CAF1A66-D254-427A-853D-931E2DCD1782}.Debug|Any CPU.ActiveCfg = Debug|Any CPU
		{9CAF1A66-D254-427A-853D-931E2DCD1782}.Debug|Any CPU.Build.0 = Debug|Any CPU
		{9CAF1A66-D254-427A-853D-931E2DCD1782}.Release|Any CPU.ActiveCfg = Release|Any CPU
		{9CAF1A66-D254-427A-853D-931E2DCD1782}.Release|Any CPU.Build.0 = Release|Any CPU
		{95145D2C-7313-49DA-A503-DD4CF73DFB32}.Debug|Any CPU.ActiveCfg = Debug|Any CPU
		{95145D2C-7313-49DA-A503-DD4CF73DFB32}.Debug|Any CPU.Build.0 = Debug|Any CPU
		{95145D2C-7313-49DA-A503-DD4CF73DFB32}.Release|Any CPU.ActiveCfg = Release|Any CPU
		{95145D2C-7313-49DA-A503-DD4CF73DFB32}.Release|Any CPU.Build.0 = Release|Any CPU
	EndGlobalSection
	GlobalSection(SolutionProperties) = preSolution
		HideSolutionNode = FALSE
	EndGlobalSection
	GlobalSection(NestedProjects) = preSolution
		{4CDE51C1-BE28-4664-9AF6-A1F0E07F7142} = {F34591FE-083A-4542-89A0-E63598F7F529}
		{561DCB10-4461-4967-B668-B824D8698C1E} = {E275A523-4B2E-442A-9A5E-B4BDD721DD74}
		{B83509EE-2DFD-4B83-B5A1-36579F9E0CD7} = {561DCB10-4461-4967-B668-B824D8698C1E}
		{9CAF1A66-D254-427A-853D-931E2DCD1782} = {561DCB10-4461-4967-B668-B824D8698C1E}
		{95145D2C-7313-49DA-A503-DD4CF73DFB32} = {F34591FE-083A-4542-89A0-E63598F7F529}
	EndGlobalSection
	GlobalSection(ExtensibilityGlobals) = postSolution
		SolutionGuid = {923B8852-886D-41B8-B0A1-974BF82817B7}
	EndGlobalSection
EndGlobal
